
Microsoft Visual Studio Solution File, Format Version 12.00
# Visual Studio Version 17
VisualStudioVersion = 17.7.34221.43
MinimumVisualStudioVersion = 10.0.40219.1
Project("{9A19103F-16F7-4668-BE54-9A1E7A4F7556}") = "bitoperation", "bitoperation\bitoperation.csproj", "{8E9881CB-4378-4381-BF94-DCA4E59041F4}"
EndProject
Project("{9A19103F-16F7-4668-BE54-9A1E7A4F7556}") = "shiftLeft", "shiftLeft\shiftLeft.csproj", "{87048B84-2E12-49CD-AC21-A00120F232A3}"
EndProject
Project("{9A19103F-16F7-4668-BE54-9A1E7A4F7556}") = "ifelseforCRT", "ifelseforCRT\ifelseforCRT.csproj", "{21A97AF0-2F70-4F81-AE49-1B895DEF5511}"
EndProject
Project("{9A19103F-16F7-4668-BE54-9A1E7A4F7556}") = "ForContinue", "ForContinue\ForContinue.csproj", "{709457A4-5C54-4E4A-BFBB-ACD9BE6617A8}"
EndProject
Project("{9A19103F-16F7-4668-BE54-9A1E7A4F7556}") = "whileOp", "whileOp\whileOp.csproj", "{7760B79C-8A11-4EDB-A49C-B9C6A39F250B}"
EndProject
Project("{FAE04EC0-301F-11D3-BF4B-00C04F79EFBC}") = "BreakDemo", "BreakDemo\BreakDemo.csproj", "{0319921C-BF4D-464C-9FA1-92D1FB3673F4}"
EndProject
Project("{FAE04EC0-301F-11D3-BF4B-00C04F79EFBC}") = "ContinueDemo", "ContinueDemo\ContinueDemo.csproj", "{57F89BD0-0524-4320-8EAD-4C4134F77DD6}"
EndProject
Project("{FAE04EC0-301F-11D3-BF4B-00C04F79EFBC}") = "GoToDemo", "GoToDemo\GoToDemo.csproj", "{C3A165B4-D580-4B1A-8CF9-AD5F87BBBE2D}"
EndProject
Global
	GlobalSection(SolutionConfigurationPlatforms) = preSolution
		Debug|Any CPU = Debug|Any CPU
		Release|Any CPU = Release|Any CPU
	EndGlobalSection
	GlobalSection(ProjectConfigurationPlatforms) = postSolution
		{8E9881CB-4378-4381-BF94-DCA4E59041F4}.Debug|Any CPU.ActiveCfg = Debug|Any CPU
		{8E9881CB-4378-4381-BF94-DCA4E59041F4}.Debug|Any CPU.Build.0 = Debug|Any CPU
		{8E9881CB-4378-4381-BF94-DCA4E59041F4}.Release|Any CPU.ActiveCfg = Release|Any CPU
		{8E9881CB-4378-4381-BF94-DCA4E59041F4}.Release|Any CPU.Build.0 = Release|Any CPU
		{87048B84-2E12-49CD-AC21-A00120F232A3}.Debug|Any CPU.ActiveCfg = Debug|Any CPU
		{87048B84-2E12-49CD-AC21-A00120F232A3}.Debug|Any CPU.Build.0 = Debug|Any CPU
		{87048B84-2E12-49CD-AC21-A00120F232A3}.Release|Any CPU.ActiveCfg = Release|Any CPU
		{87048B84-2E12-49CD-AC21-A00120F232A3}.Release|Any CPU.Build.0 = Release|Any CPU
		{21A97AF0-2F70-4F81-AE49-1B895DEF5511}.Debug|Any CPU.ActiveCfg = Debug|Any CPU
		{21A97AF0-2F70-4F81-AE49-1B895DEF5511}.Debug|Any CPU.Build.0 = Debug|Any CPU
		{21A97AF0-2F70-4F81-AE49-1B895DEF5511}.Release|Any CPU.ActiveCfg = Release|Any CPU
		{21A97AF0-2F70-4F81-AE49-1B895DEF5511}.Release|Any CPU.Build.0 = Release|Any CPU
		{709457A4-5C54-4E4A-BFBB-ACD9BE6617A8}.Debug|Any CPU.ActiveCfg = Debug|Any CPU
		{709457A4-5C54-4E4A-BFBB-ACD9BE6617A8}.Debug|Any CPU.Build.0 = Debug|Any CPU
		{709457A4-5C54-4E4A-BFBB-ACD9BE6617A8}.Release|Any CPU.ActiveCfg = Release|Any CPU
		{709457A4-5C54-4E4A-BFBB-ACD9BE6617A8}.Release|Any CPU.Build.0 = Release|Any CPU
		{7760B79C-8A11-4EDB-A49C-B9C6A39F250B}.Debug|Any CPU.ActiveCfg = Debug|Any CPU
		{7760B79C-8A11-4EDB-A49C-B9C6A39F250B}.Debug|Any CPU.Build.0 = Debug|Any CPU
		{7760B79C-8A11-4EDB-A49C-B9C6A39F250B}.Release|Any CPU.ActiveCfg = Release|Any CPU
		{7760B79C-8A11-4EDB-A49C-B9C6A39F250B}.Release|Any CPU.Build.0 = Release|Any CPU
		{0319921C-BF4D-464C-9FA1-92D1FB3673F4}.Debug|Any CPU.ActiveCfg = Debug|Any CPU
		{0319921C-BF4D-464C-9FA1-92D1FB3673F4}.Debug|Any CPU.Build.0 = Debug|Any CPU
		{0319921C-BF4D-464C-9FA1-92D1FB3673F4}.Release|Any CPU.ActiveCfg = Release|Any CPU
		{0319921C-BF4D-464C-9FA1-92D1FB3673F4}.Release|Any CPU.Build.0 = Release|Any CPU
		{57F89BD0-0524-4320-8EAD-4C4134F77DD6}.Debug|Any CPU.ActiveCfg = Debug|Any CPU
		{57F89BD0-0524-4320-8EAD-4C4134F77DD6}.Debug|Any CPU.Build.0 = Debug|Any CPU
		{57F89BD0-0524-4320-8EAD-4C4134F77DD6}.Release|Any CPU.ActiveCfg = Release|Any CPU
		{57F89BD0-0524-4320-8EAD-4C4134F77DD6}.Release|Any CPU.Build.0 = Release|Any CPU
		{C3A165B4-D580-4B1A-8CF9-AD5F87BBBE2D}.Debug|Any CPU.ActiveCfg = Debug|Any CPU
		{C3A165B4-D580-4B1A-8CF9-AD5F87BBBE2D}.Debug|Any CPU.Build.0 = Debug|Any CPU
		{C3A165B4-D580-4B1A-8CF9-AD5F87BBBE2D}.Release|Any CPU.ActiveCfg = Release|Any CPU
		{C3A165B4-D580-4B1A-8CF9-AD5F87BBBE2D}.Release|Any CPU.Build.0 = Release|Any CPU
	EndGlobalSection
	GlobalSection(SolutionProperties) = preSolution
		HideSolutionNode = FALSE
	EndGlobalSection
	GlobalSection(ExtensibilityGlobals) = postSolution
		SolutionGuid = {E952F2E9-30AA-4E0F-9961-8222DAA5EE58}
	EndGlobalSection
EndGlobal
