
Microsoft Visual Studio Solution File, Format Version 12.00
# Visual Studio Version 17
VisualStudioVersion = 17.7.34221.43
MinimumVisualStudioVersion = 10.0.40219.1
Project("{FAE04EC0-301F-11D3-BF4B-00C04F79EFBC}") = "ClassDiagramDemo", "ClassDiagramDemo\ClassDiagramDemo.csproj", "{2CC66A18-F9BA-407E-8C32-86971F8FFF2D}"
EndProject
Project("{FAE04EC0-301F-11D3-BF4B-00C04F79EFBC}") = "ConsoleReadLine", "ConsoleReadLine\ConsoleReadLine.csproj", "{4D0604C8-D2AB-41EC-A27E-FD0DF7ABDAA8}"
EndProject
Global
	GlobalSection(SolutionConfigurationPlatforms) = preSolution
		Debug|Any CPU = Debug|Any CPU
		Release|Any CPU = Release|Any CPU
	EndGlobalSection
	GlobalSection(ProjectConfigurationPlatforms) = postSolution
		{2CC66A18-F9BA-407E-8C32-86971F8FFF2D}.Debug|Any CPU.ActiveCfg = Debug|Any CPU
		{2CC66A18-F9BA-407E-8C32-86971F8FFF2D}.Debug|Any CPU.Build.0 = Debug|Any CPU
		{2CC66A18-F9BA-407E-8C32-86971F8FFF2D}.Release|Any CPU.ActiveCfg = Release|Any CPU
		{2CC66A18-F9BA-407E-8C32-86971F8FFF2D}.Release|Any CPU.Build.0 = Release|Any CPU
		{4D0604C8-D2AB-41EC-A27E-FD0DF7ABDAA8}.Debug|Any CPU.ActiveCfg = Debug|Any CPU
		{4D0604C8-D2AB-41EC-A27E-FD0DF7ABDAA8}.Debug|Any CPU.Build.0 = Debug|Any CPU
		{4D0604C8-D2AB-41EC-A27E-FD0DF7ABDAA8}.Release|Any CPU.ActiveCfg = Release|Any CPU
		{4D0604C8-D2AB-41EC-A27E-FD0DF7ABDAA8}.Release|Any CPU.Build.0 = Release|Any CPU
	EndGlobalSection
	GlobalSection(SolutionProperties) = preSolution
		HideSolutionNode = FALSE
	EndGlobalSection
EndGlobal
